
Microsoft Visual Studio Solution File, Format Version 12.00
# Visual Studio Version 17
VisualStudioVersion = 17.9.34728.123
MinimumVisualStudioVersion = 10.0.40219.1
Project("{9A19103F-16F7-4668-BE54-9A1E7A4F7556}") = "csharpingmindApi", "csharpingmindApi.csproj", "{AABC4C7A-6A47-4373-A750-197D24308D40}"
EndProject
Global
	GlobalSection(SolutionConfigurationPlatforms) = preSolution
		Debug|Any CPU = Debug|Any CPU
		Release|Any CPU = Release|Any CPU
	EndGlobalSection
	GlobalSection(ProjectConfigurationPlatforms) = postSolution
		{AABC4C7A-6A47-4373-A750-197D24308D40}.Debug|Any CPU.ActiveCfg = Debug|Any CPU
		{AABC4C7A-6A47-4373-A750-197D24308D40}.Debug|Any CPU.Build.0 = Debug|Any CPU
		{AABC4C7A-6A47-4373-A750-197D24308D40}.Release|Any CPU.ActiveCfg = Release|Any CPU
		{AABC4C7A-6A47-4373-A750-197D24308D40}.Release|Any CPU.Build.0 = Release|Any CPU
	EndGlobalSection
	GlobalSection(SolutionProperties) = preSolution
		HideSolutionNode = FALSE
	EndGlobalSection
	GlobalSection(ExtensibilityGlobals) = postSolution
		SolutionGuid = {14199AD2-55CD-4D6A-87DC-276E26CC6739}
	EndGlobalSection
EndGlobal
